
Microsoft Visual Studio Solution File, Format Version 12.00
# Visual Studio Version 17
VisualStudioVersion = 17.2.32317.152
MinimumVisualStudioVersion = 10.0.40219.1
Project("{FAE04EC0-301F-11D3-BF4B-00C04F79EFBC}") = "JxtauBlazor.Server", "JxtauBlazor\Server\JxtauBlazor.Server.csproj", "{674E05CA-D856-470B-91A1-7DCB76E9694D}"
EndProject
Project("{FAE04EC0-301F-11D3-BF4B-00C04F79EFBC}") = "JxtauBlazor.Client", "JxtauBlazor\Client\JxtauBlazor.Client.csproj", "{372A90A7-E745-4FDC-A367-60B307B4355D}"
EndProject
Project("{FAE04EC0-301F-11D3-BF4B-00C04F79EFBC}") = "JxtauBlazor.Shared", "JxtauBlazor\Shared\JxtauBlazor.Shared.csproj", "{7A0E1144-C11C-470A-B0CF-53CEC072B7FB}"
EndProject
Global
	GlobalSection(SolutionConfigurationPlatforms) = preSolution
		Debug|Any CPU = Debug|Any CPU
		Release|Any CPU = Release|Any CPU
	EndGlobalSection
	GlobalSection(ProjectConfigurationPlatforms) = postSolution
		{674E05CA-D856-470B-91A1-7DCB76E9694D}.Debug|Any CPU.ActiveCfg = Debug|Any CPU
		{674E05CA-D856-470B-91A1-7DCB76E9694D}.Debug|Any CPU.Build.0 = Debug|Any CPU
		{674E05CA-D856-470B-91A1-7DCB76E9694D}.Release|Any CPU.ActiveCfg = Release|Any CPU
		{674E05CA-D856-470B-91A1-7DCB76E9694D}.Release|Any CPU.Build.0 = Release|Any CPU
		{372A90A7-E745-4FDC-A367-60B307B4355D}.Debug|Any CPU.ActiveCfg = Debug|Any CPU
		{372A90A7-E745-4FDC-A367-60B307B4355D}.Debug|Any CPU.Build.0 = Debug|Any CPU
		{372A90A7-E745-4FDC-A367-60B307B4355D}.Release|Any CPU.ActiveCfg = Release|Any CPU
		{372A90A7-E745-4FDC-A367-60B307B4355D}.Release|Any CPU.Build.0 = Release|Any CPU
		{7A0E1144-C11C-470A-B0CF-53CEC072B7FB}.Debug|Any CPU.ActiveCfg = Debug|Any CPU
		{7A0E1144-C11C-470A-B0CF-53CEC072B7FB}.Debug|Any CPU.Build.0 = Debug|Any CPU
		{7A0E1144-C11C-470A-B0CF-53CEC072B7FB}.Release|Any CPU.ActiveCfg = Release|Any CPU
		{7A0E1144-C11C-470A-B0CF-53CEC072B7FB}.Release|Any CPU.Build.0 = Release|Any CPU
	EndGlobalSection
	GlobalSection(SolutionProperties) = preSolution
		HideSolutionNode = FALSE
	EndGlobalSection
	GlobalSection(ExtensibilityGlobals) = postSolution
		SolutionGuid = {720FCDF5-529C-4482-9C26-A65973E799ED}
	EndGlobalSection
EndGlobal
